// !$*UTF8*$!
{
	archiveVersion = 1;
	classes = {
	};
	objectVersion = 46;
	objects = {

/* Begin PBXBuildFile section */
		7648BAB81AA5A3C0003DA28F /* alternate@2x.png in Resources */ = {isa = PBXBuildFile; fileRef = 7648BAAD1AA5A3C0003DA28F /* alternate@2x.png */; };
		7648BAB91AA5A3C0003DA28F /* black@2x.png in Resources */ = {isa = PBXBuildFile; fileRef = 7648BAAE1AA5A3C0003DA28F /* black@2x.png */; };
		7648BABA1AA5A3C0003DA28F /* blue@2x.png in Resources */ = {isa = PBXBuildFile; fileRef = 7648BAAF1AA5A3C0003DA28F /* blue@2x.png */; };
		7648BABB1AA5A3C0003DA28F /* cyan@2x.png in Resources */ = {isa = PBXBuildFile; fileRef = 7648BAB01AA5A3C0003DA28F /* cyan@2x.png */; };
		7648BABC1AA5A3C0003DA28F /* green@2x.png in Resources */ = {isa = PBXBuildFile; fileRef = 7648BAB11AA5A3C0003DA28F /* green@2x.png */; };
		7648BABD1AA5A3C0003DA28F /* orange@2x.png in Resources */ = {isa = PBXBuildFile; fileRef = 7648BAB21AA5A3C0003DA28F /* orange@2x.png */; };
		7648BABE1AA5A3C0003DA28F /* purple@2x.png in Resources */ = {isa = PBXBuildFile; fileRef = 7648BAB31AA5A3C0003DA28F /* purple@2x.png */; };
		7648BABF1AA5A3C0003DA28F /* red@2x.png in Resources */ = {isa = PBXBuildFile; fileRef = 7648BAB41AA5A3C0003DA28F /* red@2x.png */; };
		7648BAC11AA5A3C0003DA28F /* white@2x.png in Resources */ = {isa = PBXBuildFile; fileRef = 7648BAB61AA5A3C0003DA28F /* white@2x.png */; };
		7648BAC21AA5A3C0003DA28F /* yellow@2x.png in Resources */ = {isa = PBXBuildFile; fileRef = 7648BAB71AA5A3C0003DA28F /* yellow@2x.png */; };
		7648BAC31AA5A50B003DA28F /* MainMenu.xib in Resources */ = {isa = PBXBuildFile; fileRef = C5AB32C41A8F9091002258B6 /* MainMenu.xib */; };
		C01FC39C1AA63AF7007C0682 /* ProcessEnvironment.m in Sources */ = {isa = PBXBuildFile; fileRef = C01FC39B1AA63AF7007C0682 /* ProcessEnvironment.m */; };
		C01FC39F1AA641A4007C0682 /* UdpServer.m in Sources */ = {isa = PBXBuildFile; fileRef = C01FC39E1AA641A4007C0682 /* UdpServer.m */; };
		C5AB32BF1A8F9091002258B6 /* AppDelegate.m in Sources */ = {isa = PBXBuildFile; fileRef = C5AB32BE1A8F9091002258B6 /* AppDelegate.m */; };
		C5AB32C11A8F9091002258B6 /* main.m in Sources */ = {isa = PBXBuildFile; fileRef = C5AB32C01A8F9091002258B6 /* main.m */; };
		C5AB32C31A8F9091002258B6 /* Images.xcassets in Resources */ = {isa = PBXBuildFile; fileRef = C5AB32C21A8F9091002258B6 /* Images.xcassets */; };
		C5AB32E71A8F9B4E002258B6 /* GCDAsyncSocket.m in Sources */ = {isa = PBXBuildFile; fileRef = C5AB32E41A8F9B4E002258B6 /* GCDAsyncSocket.m */; };
		C5AB32E81A8F9B4E002258B6 /* GCDAsyncUdpSocket.m in Sources */ = {isa = PBXBuildFile; fileRef = C5AB32E61A8F9B4E002258B6 /* GCDAsyncUdpSocket.m */; };
/* End PBXBuildFile section */

/* Begin PBXFileReference section */
		7648BAAD1AA5A3C0003DA28F /* alternate@2x.png */ = {isa = PBXFileReference; lastKnownFileType = image.png; path = "alternate@2x.png"; sourceTree = "<group>"; };
		7648BAAE1AA5A3C0003DA28F /* black@2x.png */ = {isa = PBXFileReference; lastKnownFileType = image.png; path = "black@2x.png"; sourceTree = "<group>"; };
		7648BAAF1AA5A3C0003DA28F /* blue@2x.png */ = {isa = PBXFileReference; lastKnownFileType = image.png; path = "blue@2x.png"; sourceTree = "<group>"; };
		7648BAB01AA5A3C0003DA28F /* cyan@2x.png */ = {isa = PBXFileReference; lastKnownFileType = image.png; path = "cyan@2x.png"; sourceTree = "<group>"; };
		7648BAB11AA5A3C0003DA28F /* green@2x.png */ = {isa = PBXFileReference; lastKnownFileType = image.png; path = "green@2x.png"; sourceTree = "<group>"; };
		7648BAB21AA5A3C0003DA28F /* orange@2x.png */ = {isa = PBXFileReference; lastKnownFileType = image.png; path = "orange@2x.png"; sourceTree = "<group>"; };
		7648BAB31AA5A3C0003DA28F /* purple@2x.png */ = {isa = PBXFileReference; lastKnownFileType = image.png; path = "purple@2x.png"; sourceTree = "<group>"; };
		7648BAB41AA5A3C0003DA28F /* red@2x.png */ = {isa = PBXFileReference; lastKnownFileType = image.png; path = "red@2x.png"; sourceTree = "<group>"; };
		7648BAB61AA5A3C0003DA28F /* white@2x.png */ = {isa = PBXFileReference; lastKnownFileType = image.png; path = "white@2x.png"; sourceTree = "<group>"; };
		7648BAB71AA5A3C0003DA28F /* yellow@2x.png */ = {isa = PBXFileReference; lastKnownFileType = image.png; path = "yellow@2x.png"; sourceTree = "<group>"; };
		C01FC39A1AA63AF7007C0682 /* ProcessEnvironment.h */ = {isa = PBXFileReference; fileEncoding = 4; lastKnownFileType = sourcecode.c.h; path = ProcessEnvironment.h; sourceTree = "<group>"; };
		C01FC39B1AA63AF7007C0682 /* ProcessEnvironment.m */ = {isa = PBXFileReference; fileEncoding = 4; lastKnownFileType = sourcecode.c.objc; path = ProcessEnvironment.m; sourceTree = "<group>"; };
		C01FC39D1AA641A4007C0682 /* UdpServer.h */ = {isa = PBXFileReference; fileEncoding = 4; lastKnownFileType = sourcecode.c.h; path = UdpServer.h; sourceTree = "<group>"; };
		C01FC39E1AA641A4007C0682 /* UdpServer.m */ = {isa = PBXFileReference; fileEncoding = 4; lastKnownFileType = sourcecode.c.objc; path = UdpServer.m; sourceTree = "<group>"; };
		C511DFFB1AA4E9CF00DEE15F /* README.md */ = {isa = PBXFileReference; fileEncoding = 4; lastKnownFileType = net.daringfireball.markdown; path = README.md; sourceTree = "<group>"; };
		C5AB32B81A8F9091002258B6 /* AnyBar.app */ = {isa = PBXFileReference; explicitFileType = wrapper.application; includeInIndex = 0; path = AnyBar.app; sourceTree = BUILT_PRODUCTS_DIR; };
		C5AB32BC1A8F9091002258B6 /* Info.plist */ = {isa = PBXFileReference; lastKnownFileType = text.plist.xml; path = Info.plist; sourceTree = "<group>"; };
		C5AB32BD1A8F9091002258B6 /* AppDelegate.h */ = {isa = PBXFileReference; lastKnownFileType = sourcecode.c.h; path = AppDelegate.h; sourceTree = "<group>"; };
		C5AB32BE1A8F9091002258B6 /* AppDelegate.m */ = {isa = PBXFileReference; lastKnownFileType = sourcecode.c.objc; path = AppDelegate.m; sourceTree = "<group>"; };
		C5AB32C01A8F9091002258B6 /* main.m */ = {isa = PBXFileReference; lastKnownFileType = sourcecode.c.objc; path = main.m; sourceTree = "<group>"; };
		C5AB32C21A8F9091002258B6 /* Images.xcassets */ = {isa = PBXFileReference; lastKnownFileType = folder.assetcatalog; path = Images.xcassets; sourceTree = "<group>"; };
		C5AB32C51A8F9091002258B6 /* Base */ = {isa = PBXFileReference; lastKnownFileType = file.xib; name = Base; path = Base.lproj/MainMenu.xib; sourceTree = "<group>"; };
		C5AB32E31A8F9B4E002258B6 /* GCDAsyncSocket.h */ = {isa = PBXFileReference; fileEncoding = 4; lastKnownFileType = sourcecode.c.h; path = GCDAsyncSocket.h; sourceTree = "<group>"; };
		C5AB32E41A8F9B4E002258B6 /* GCDAsyncSocket.m */ = {isa = PBXFileReference; fileEncoding = 4; lastKnownFileType = sourcecode.c.objc; path = GCDAsyncSocket.m; sourceTree = "<group>"; };
		C5AB32E51A8F9B4E002258B6 /* GCDAsyncUdpSocket.h */ = {isa = PBXFileReference; fileEncoding = 4; lastKnownFileType = sourcecode.c.h; path = GCDAsyncUdpSocket.h; sourceTree = "<group>"; };
		C5AB32E61A8F9B4E002258B6 /* GCDAsyncUdpSocket.m */ = {isa = PBXFileReference; fileEncoding = 4; lastKnownFileType = sourcecode.c.objc; path = GCDAsyncUdpSocket.m; sourceTree = "<group>"; };
/* End PBXFileReference section */

/* Begin PBXFrameworksBuildPhase section */
		C5AB32B51A8F9091002258B6 /* Frameworks */ = {
			isa = PBXFrameworksBuildPhase;
			buildActionMask = 2147483647;
			files = (
			);
			runOnlyForDeploymentPostprocessing = 0;
		};
/* End PBXFrameworksBuildPhase section */

/* Begin PBXGroup section */
		7648BAAC1AA5A3C0003DA28F /* Resources */ = {
			isa = PBXGroup;
			children = (
				7648BAAD1AA5A3C0003DA28F /* alternate@2x.png */,
				7648BAAE1AA5A3C0003DA28F /* black@2x.png */,
				7648BAAF1AA5A3C0003DA28F /* blue@2x.png */,
				7648BAB01AA5A3C0003DA28F /* cyan@2x.png */,
				7648BAB11AA5A3C0003DA28F /* green@2x.png */,
				7648BAB21AA5A3C0003DA28F /* orange@2x.png */,
				7648BAB31AA5A3C0003DA28F /* purple@2x.png */,
				7648BAB41AA5A3C0003DA28F /* red@2x.png */,
				7648BAB61AA5A3C0003DA28F /* white@2x.png */,
				7648BAB71AA5A3C0003DA28F /* yellow@2x.png */,
			);
			path = Resources;
			sourceTree = "<group>";
		};
		C5AB32AF1A8F9091002258B6 = {
			isa = PBXGroup;
			children = (
				C5AB32BA1A8F9091002258B6 /* AnyBar */,
				C5AB32B91A8F9091002258B6 /* Products */,
				C511DFFB1AA4E9CF00DEE15F /* README.md */,
			);
			sourceTree = "<group>";
		};
		C5AB32B91A8F9091002258B6 /* Products */ = {
			isa = PBXGroup;
			children = (
				C5AB32B81A8F9091002258B6 /* AnyBar.app */,
			);
			name = Products;
			sourceTree = "<group>";
		};
		C5AB32BA1A8F9091002258B6 /* AnyBar */ = {
			isa = PBXGroup;
			children = (
				C5AB32E31A8F9B4E002258B6 /* GCDAsyncSocket.h */,
				C5AB32E41A8F9B4E002258B6 /* GCDAsyncSocket.m */,
				C5AB32E51A8F9B4E002258B6 /* GCDAsyncUdpSocket.h */,
				C5AB32E61A8F9B4E002258B6 /* GCDAsyncUdpSocket.m */,
				C5AB32BD1A8F9091002258B6 /* AppDelegate.h */,
				C5AB32BE1A8F9091002258B6 /* AppDelegate.m */,
				C01FC39D1AA641A4007C0682 /* UdpServer.h */,
				C01FC39E1AA641A4007C0682 /* UdpServer.m */,
				C01FC39A1AA63AF7007C0682 /* ProcessEnvironment.h */,
				C01FC39B1AA63AF7007C0682 /* ProcessEnvironment.m */,
				C5AB32C21A8F9091002258B6 /* Images.xcassets */,
				C5AB32C41A8F9091002258B6 /* MainMenu.xib */,
				7648BAAC1AA5A3C0003DA28F /* Resources */,
				C5AB32BB1A8F9091002258B6 /* Supporting Files */,
			);
			path = AnyBar;
			sourceTree = "<group>";
		};
		C5AB32BB1A8F9091002258B6 /* Supporting Files */ = {
			isa = PBXGroup;
			children = (
				C5AB32BC1A8F9091002258B6 /* Info.plist */,
				C5AB32C01A8F9091002258B6 /* main.m */,
			);
			name = "Supporting Files";
			sourceTree = "<group>";
		};
/* End PBXGroup section */

/* Begin PBXNativeTarget section */
		C5AB32B71A8F9091002258B6 /* AnyBar */ = {
			isa = PBXNativeTarget;
			buildConfigurationList = C5AB32D51A8F9091002258B6 /* Build configuration list for PBXNativeTarget "AnyBar" */;
			buildPhases = (
				C5AB32B41A8F9091002258B6 /* Sources */,
				C5AB32B51A8F9091002258B6 /* Frameworks */,
				C5AB32B61A8F9091002258B6 /* Resources */,
			);
			buildRules = (
			);
			dependencies = (
			);
			name = AnyBar;
			productName = AnyBar;
			productReference = C5AB32B81A8F9091002258B6 /* AnyBar.app */;
			productType = "com.apple.product-type.application";
		};
/* End PBXNativeTarget section */

/* Begin PBXProject section */
		C5AB32B01A8F9091002258B6 /* Project object */ = {
			isa = PBXProject;
			attributes = {
				LastUpgradeCheck = 0610;
				ORGANIZATIONNAME = "Nikita Prokopov";
				TargetAttributes = {
					C5AB32B71A8F9091002258B6 = {
						CreatedOnToolsVersion = 6.1.1;
					};
				};
			};
			buildConfigurationList = C5AB32B31A8F9091002258B6 /* Build configuration list for PBXProject "AnyBar" */;
			compatibilityVersion = "Xcode 3.2";
			developmentRegion = English;
			hasScannedForEncodings = 0;
			knownRegions = (
				en,
				Base,
			);
			mainGroup = C5AB32AF1A8F9091002258B6;
			productRefGroup = C5AB32B91A8F9091002258B6 /* Products */;
			projectDirPath = "";
			projectRoot = "";
			targets = (
				C5AB32B71A8F9091002258B6 /* AnyBar */,
			);
		};
/* End PBXProject section */

/* Begin PBXResourcesBuildPhase section */
		C5AB32B61A8F9091002258B6 /* Resources */ = {
			isa = PBXResourcesBuildPhase;
			buildActionMask = 2147483647;
			files = (
				7648BABF1AA5A3C0003DA28F /* red@2x.png in Resources */,
				7648BAC21AA5A3C0003DA28F /* yellow@2x.png in Resources */,
				7648BABE1AA5A3C0003DA28F /* purple@2x.png in Resources */,
				7648BAC11AA5A3C0003DA28F /* white@2x.png in Resources */,
				C5AB32C31A8F9091002258B6 /* Images.xcassets in Resources */,
				7648BAB81AA5A3C0003DA28F /* alternate@2x.png in Resources */,
				7648BABC1AA5A3C0003DA28F /* green@2x.png in Resources */,
				7648BAB91AA5A3C0003DA28F /* black@2x.png in Resources */,
				7648BABB1AA5A3C0003DA28F /* cyan@2x.png in Resources */,
				7648BABA1AA5A3C0003DA28F /* blue@2x.png in Resources */,
				7648BABD1AA5A3C0003DA28F /* orange@2x.png in Resources */,
				7648BAC31AA5A50B003DA28F /* MainMenu.xib in Resources */,
			);
			runOnlyForDeploymentPostprocessing = 0;
		};
/* End PBXResourcesBuildPhase section */

/* Begin PBXSourcesBuildPhase section */
		C5AB32B41A8F9091002258B6 /* Sources */ = {
			isa = PBXSourcesBuildPhase;
			buildActionMask = 2147483647;
			files = (
				C01FC39F1AA641A4007C0682 /* UdpServer.m in Sources */,
				C01FC39C1AA63AF7007C0682 /* ProcessEnvironment.m in Sources */,
				C5AB32E81A8F9B4E002258B6 /* GCDAsyncUdpSocket.m in Sources */,
				C5AB32E71A8F9B4E002258B6 /* GCDAsyncSocket.m in Sources */,
				C5AB32C11A8F9091002258B6 /* main.m in Sources */,
				C5AB32BF1A8F9091002258B6 /* AppDelegate.m in Sources */,
			);
			runOnlyForDeploymentPostprocessing = 0;
		};
/* End PBXSourcesBuildPhase section */

/* Begin PBXVariantGroup section */
		C5AB32C41A8F9091002258B6 /* MainMenu.xib */ = {
			isa = PBXVariantGroup;
			children = (
				C5AB32C51A8F9091002258B6 /* Base */,
			);
			name = MainMenu.xib;
			sourceTree = "<group>";
		};
/* End PBXVariantGroup section */

/* Begin XCBuildConfiguration section */
		C5AB32D31A8F9091002258B6 /* Debug */ = {
			isa = XCBuildConfiguration;
			buildSettings = {
				ALWAYS_SEARCH_USER_PATHS = NO;
				CLANG_CXX_LANGUAGE_STANDARD = "gnu++0x";
				CLANG_CXX_LIBRARY = "libc++";
				CLANG_ENABLE_MODULES = YES;
				CLANG_ENABLE_OBJC_ARC = YES;
				CLANG_WARN_BOOL_CONVERSION = YES;
				CLANG_WARN_CONSTANT_CONVERSION = YES;
				CLANG_WARN_DIRECT_OBJC_ISA_USAGE = YES_ERROR;
				CLANG_WARN_EMPTY_BODY = YES;
				CLANG_WARN_ENUM_CONVERSION = YES;
				CLANG_WARN_INT_CONVERSION = YES;
				CLANG_WARN_OBJC_ROOT_CLASS = YES_ERROR;
				CLANG_WARN_UNREACHABLE_CODE = YES;
				CLANG_WARN__DUPLICATE_METHOD_MATCH = YES;
				CODE_SIGN_IDENTITY = "-";
				COPY_PHASE_STRIP = NO;
				ENABLE_STRICT_OBJC_MSGSEND = YES;
				GCC_C_LANGUAGE_STANDARD = gnu99;
				GCC_DYNAMIC_NO_PIC = NO;
				GCC_OPTIMIZATION_LEVEL = 0;
				GCC_PREPROCESSOR_DEFINITIONS = (
					"DEBUG=1",
					"$(inherited)",
				);
				GCC_SYMBOLS_PRIVATE_EXTERN = NO;
				GCC_WARN_64_TO_32_BIT_CONVERSION = YES;
				GCC_WARN_ABOUT_RETURN_TYPE = YES_ERROR;
				GCC_WARN_UNDECLARED_SELECTOR = YES;
				GCC_WARN_UNINITIALIZED_AUTOS = YES_AGGRESSIVE;
				GCC_WARN_UNUSED_FUNCTION = YES;
				GCC_WARN_UNUSED_VARIABLE = YES;
				MACOSX_DEPLOYMENT_TARGET = 10.9;
				MTL_ENABLE_DEBUG_INFO = YES;
				ONLY_ACTIVE_ARCH = YES;
				SDKROOT = macosx10.9;
			};
			name = Debug;
		};
		C5AB32D41A8F9091002258B6 /* Release */ = {
			isa = XCBuildConfiguration;
			buildSettings = {
				ALWAYS_SEARCH_USER_PATHS = NO;
				CLANG_CXX_LANGUAGE_STANDARD = "gnu++0x";
				CLANG_CXX_LIBRARY = "libc++";
				CLANG_ENABLE_MODULES = YES;
				CLANG_ENABLE_OBJC_ARC = YES;
				CLANG_WARN_BOOL_CONVERSION = YES;
				CLANG_WARN_CONSTANT_CONVERSION = YES;
				CLANG_WARN_DIRECT_OBJC_ISA_USAGE = YES_ERROR;
				CLANG_WARN_EMPTY_BODY = YES;
				CLANG_WARN_ENUM_CONVERSION = YES;
				CLANG_WARN_INT_CONVERSION = YES;
				CLANG_WARN_OBJC_ROOT_CLASS = YES_ERROR;
				CLANG_WARN_UNREACHABLE_CODE = YES;
				CLANG_WARN__DUPLICATE_METHOD_MATCH = YES;
				CODE_SIGN_IDENTITY = "-";
				COPY_PHASE_STRIP = YES;
				DEBUG_INFORMATION_FORMAT = "dwarf-with-dsym";
				ENABLE_NS_ASSERTIONS = NO;
				ENABLE_STRICT_OBJC_MSGSEND = YES;
				GCC_C_LANGUAGE_STANDARD = gnu99;
				GCC_WARN_64_TO_32_BIT_CONVERSION = YES;
				GCC_WARN_ABOUT_RETURN_TYPE = YES_ERROR;
				GCC_WARN_UNDECLARED_SELECTOR = YES;
				GCC_WARN_UNINITIALIZED_AUTOS = YES_AGGRESSIVE;
				GCC_WARN_UNUSED_FUNCTION = YES;
				GCC_WARN_UNUSED_VARIABLE = YES;
				MACOSX_DEPLOYMENT_TARGET = 10.9;
				MTL_ENABLE_DEBUG_INFO = NO;
				SDKROOT = macosx10.9;
			};
			name = Release;
		};
		C5AB32D61A8F9091002258B6 /* Debug */ = {
			isa = XCBuildConfiguration;
			buildSettings = {
				ASSETCATALOG_COMPILER_APPICON_NAME = AppIcon;
				COMBINE_HIDPI_IMAGES = YES;
				INFOPLIST_FILE = AnyBar/Info.plist;
				LD_RUNPATH_SEARCH_PATHS = "$(inherited) @executable_path/../Frameworks";
				MACOSX_DEPLOYMENT_TARGET = 10.9;
				PRODUCT_NAME = "$(TARGET_NAME)";
			};
			name = Debug;
		};
		C5AB32D71A8F9091002258B6 /* Release */ = {
			isa = XCBuildConfiguration;
			buildSettings = {
				ASSETCATALOG_COMPILER_APPICON_NAME = AppIcon;
				COMBINE_HIDPI_IMAGES = YES;
				INFOPLIST_FILE = AnyBar/Info.plist;
				LD_RUNPATH_SEARCH_PATHS = "$(inherited) @executable_path/../Frameworks";
				MACOSX_DEPLOYMENT_TARGET = 10.9;
				PRODUCT_NAME = "$(TARGET_NAME)";
			};
			name = Release;
		};
/* End XCBuildConfiguration section */

/* Begin XCConfigurationList section */
		C5AB32B31A8F9091002258B6 /* Build configuration list for PBXProject "AnyBar" */ = {
			isa = XCConfigurationList;
			buildConfigurations = (
				C5AB32D31A8F9091002258B6 /* Debug */,
				C5AB32D41A8F9091002258B6 /* Release */,
			);
			defaultConfigurationIsVisible = 0;
			defaultConfigurationName = Release;
		};
		C5AB32D51A8F9091002258B6 /* Build configuration list for PBXNativeTarget "AnyBar" */ = {
			isa = XCConfigurationList;
			buildConfigurations = (
				C5AB32D61A8F9091002258B6 /* Debug */,
				C5AB32D71A8F9091002258B6 /* Release */,
			);
			defaultConfigurationIsVisible = 0;
			defaultConfigurationName = Release;
		};
/* End XCConfigurationList section */
	};
	rootObject = C5AB32B01A8F9091002258B6 /* Project object */;
}
